
Microsoft Visual Studio Solution File, Format Version 12.00
# Visual Studio 2012
Project("{FAE04EC0-301F-11D3-BF4B-00C04F79EFBC}") = "movie", "movie\movie.csproj", "{B68A2947-034A-4B52-9D46-E1476C69C444}"
EndProject
Global
	GlobalSection(SolutionConfigurationPlatforms) = preSolution
		Debug|Any CPU = Debug|Any CPU
		Release|Any CPU = Release|Any CPU
	EndGlobalSection
	GlobalSection(ProjectConfigurationPlatforms) = postSolution
		{B68A2947-034A-4B52-9D46-E1476C69C444}.Debug|Any CPU.ActiveCfg = Debug|Any CPU
		{B68A2947-034A-4B52-9D46-E1476C69C444}.Debug|Any CPU.Build.0 = Debug|Any CPU
		{B68A2947-034A-4B52-9D46-E1476C69C444}.Release|Any CPU.ActiveCfg = Release|Any CPU
		{B68A2947-034A-4B52-9D46-E1476C69C444}.Release|Any CPU.Build.0 = Release|Any CPU
	EndGlobalSection
EndGlobal
